asgiref==3.8.1
billiard==4.2.1
celery==5.6.3
certifi==2024.8.30
charset-normalizer==3.4.0
click==8.1.8
click-didyoumean==0.3.1
click-plugins==1.1.1
click-repl==0.3.0
django==6.0.6
djangorestframework==3.17.1
drf-spectacular==0.28.0
idna==3.10
inflection==0.5.1
jsonschema==4.23.0
jsonschema-specifications==2024.10.1
kombu==5.4.2
psycopg2-binary==2.9.12
python-dateutil==2.9.0.post0
python-dotenv==1.0.1
pytz==2024.2
pyyaml==6.0.2
redis==8.0.0
requests==2.34.2
sqlparse==0.5.3
tzdata==2025.1
urllib3==2.3.0
vine==5.1.0
